
Microsoft Visual Studio Solution File, Format Version 12.00
# Visual Studio 15
VisualStudioVersion = 15.0.26127.3
MinimumVisualStudioVersion = 10.0.40219.1
Project("{FAE04EC0-301F-11D3-BF4B-00C04F79EFBC}") = "MagicWordCounter-MVVM-Style", "MagicWordCounter-MVVM-Style\MagicWordCounter-MVVM-Style.csproj", "{730519FC-AEFA-4127-99D0-B2B3E92A769B}"
EndProject
Project("{FAE04EC0-301F-11D3-BF4B-00C04F79EFBC}") = "MagicWordCounter.Tests", "MagicWordCounter.Tests\MagicWordCounter.Tests.csproj", "{AD3434E0-3166-4ABA-98A7-1CE14AAAFF85}"
EndProject
Project("{2150E333-8FDC-42A3-9474-1A3956D46DE8}") = "Tests", "Tests", "{2E10BF6A-7D72-4491-A7A7-A74A020A831E}"
EndProject
Project("{FAE04EC0-301F-11D3-BF4B-00C04F79EFBC}") = "MagicWordCounter.Core", "MagicWordCounter.Core\MagicWordCounter.Core.csproj", "{F0957E34-AA93-4128-B975-6DCE93C14113}"
EndProject
Project("{FAE04EC0-301F-11D3-BF4B-00C04F79EFBC}") = "MagicWordCounter.Console", "MagicWordCounter.Console\MagicWordCounter.Console.csproj", "{B7B6B1DD-12D4-4227-84FD-C48E8DAC7A08}"
EndProject
Project("{FAE04EC0-301F-11D3-BF4B-00C04F79EFBC}") = "MagicWordCounterOnline", "MagicWordCounterOnline\MagicWordCounterOnline.csproj", "{2630F8A0-8EC4-4D11-B7EF-80CC2D5B9BD0}"
EndProject
Global
	GlobalSection(SolutionConfigurationPlatforms) = preSolution
		Debug|Any CPU = Debug|Any CPU
		Release|Any CPU = Release|Any CPU
	EndGlobalSection
	GlobalSection(ProjectConfigurationPlatforms) = postSolution
		{730519FC-AEFA-4127-99D0-B2B3E92A769B}.Debug|Any CPU.ActiveCfg = Debug|Any CPU
		{730519FC-AEFA-4127-99D0-B2B3E92A769B}.Debug|Any CPU.Build.0 = Debug|Any CPU
		{730519FC-AEFA-4127-99D0-B2B3E92A769B}.Release|Any CPU.ActiveCfg = Release|Any CPU
		{730519FC-AEFA-4127-99D0-B2B3E92A769B}.Release|Any CPU.Build.0 = Release|Any CPU
		{AD3434E0-3166-4ABA-98A7-1CE14AAAFF85}.Debug|Any CPU.ActiveCfg = Debug|Any CPU
		{AD3434E0-3166-4ABA-98A7-1CE14AAAFF85}.Debug|Any CPU.Build.0 = Debug|Any CPU
		{AD3434E0-3166-4ABA-98A7-1CE14AAAFF85}.Release|Any CPU.ActiveCfg = Release|Any CPU
		{AD3434E0-3166-4ABA-98A7-1CE14AAAFF85}.Release|Any CPU.Build.0 = Release|Any CPU
		{F0957E34-AA93-4128-B975-6DCE93C14113}.Debug|Any CPU.ActiveCfg = Debug|Any CPU
		{F0957E34-AA93-4128-B975-6DCE93C14113}.Debug|Any CPU.Build.0 = Debug|Any CPU
		{F0957E34-AA93-4128-B975-6DCE93C14113}.Release|Any CPU.ActiveCfg = Release|Any CPU
		{F0957E34-AA93-4128-B975-6DCE93C14113}.Release|Any CPU.Build.0 = Release|Any CPU
		{B7B6B1DD-12D4-4227-84FD-C48E8DAC7A08}.Debug|Any CPU.ActiveCfg = Debug|Any CPU
		{B7B6B1DD-12D4-4227-84FD-C48E8DAC7A08}.Debug|Any CPU.Build.0 = Debug|Any CPU
		{B7B6B1DD-12D4-4227-84FD-C48E8DAC7A08}.Release|Any CPU.ActiveCfg = Release|Any CPU
		{B7B6B1DD-12D4-4227-84FD-C48E8DAC7A08}.Release|Any CPU.Build.0 = Release|Any CPU
		{2630F8A0-8EC4-4D11-B7EF-80CC2D5B9BD0}.Debug|Any CPU.ActiveCfg = Debug|Any CPU
		{2630F8A0-8EC4-4D11-B7EF-80CC2D5B9BD0}.Debug|Any CPU.Build.0 = Debug|Any CPU
		{2630F8A0-8EC4-4D11-B7EF-80CC2D5B9BD0}.Release|Any CPU.ActiveCfg = Release|Any CPU
		{2630F8A0-8EC4-4D11-B7EF-80CC2D5B9BD0}.Release|Any CPU.Build.0 = Release|Any CPU
	EndGlobalSection
	GlobalSection(SolutionProperties) = preSolution
		HideSolutionNode = FALSE
	EndGlobalSection
	GlobalSection(NestedProjects) = preSolution
		{AD3434E0-3166-4ABA-98A7-1CE14AAAFF85} = {2E10BF6A-7D72-4491-A7A7-A74A020A831E}
	EndGlobalSection
EndGlobal
